
Microsoft Visual Studio Solution File, Format Version 12.00
# Visual Studio 15
VisualStudioVersion = 15.0.26124.0
MinimumVisualStudioVersion = 15.0.26124.0
Project("{FAE04EC0-301F-11D3-BF4B-00C04F79EFBC}") = "ValuesAndReferences", "ValuesAndReferences\ValuesAndReferences.csproj", "{76F4B971-49CB-440A-80EE-1AE1F7967B14}"
EndProject
Project("{FAE04EC0-301F-11D3-BF4B-00C04F79EFBC}") = "Chronos", "Chronos\Chronos.csproj", "{6FEEA2B2-45A1-40B4-B2D9-C68174B88E72}"
EndProject
Project("{FAE04EC0-301F-11D3-BF4B-00C04F79EFBC}") = "MyTestOfRandoms", "MyTestOfRandoms\MyTestOfRandoms.csproj", "{6CCA6B49-49E8-4C17-9A6C-9D395DB23480}"
EndProject
Global
	GlobalSection(SolutionConfigurationPlatforms) = preSolution
		Debug|Any CPU = Debug|Any CPU
		Debug|x64 = Debug|x64
		Debug|x86 = Debug|x86
		Release|Any CPU = Release|Any CPU
		Release|x64 = Release|x64
		Release|x86 = Release|x86
	EndGlobalSection
	GlobalSection(SolutionProperties) = preSolution
		HideSolutionNode = FALSE
	EndGlobalSection
	GlobalSection(ProjectConfigurationPlatforms) = postSolution
		{76F4B971-49CB-440A-80EE-1AE1F7967B14}.Debug|Any CPU.ActiveCfg = Debug|Any CPU
		{76F4B971-49CB-440A-80EE-1AE1F7967B14}.Debug|Any CPU.Build.0 = Debug|Any CPU
		{76F4B971-49CB-440A-80EE-1AE1F7967B14}.Debug|x64.ActiveCfg = Debug|Any CPU
		{76F4B971-49CB-440A-80EE-1AE1F7967B14}.Debug|x64.Build.0 = Debug|Any CPU
		{76F4B971-49CB-440A-80EE-1AE1F7967B14}.Debug|x86.ActiveCfg = Debug|Any CPU
		{76F4B971-49CB-440A-80EE-1AE1F7967B14}.Debug|x86.Build.0 = Debug|Any CPU
		{76F4B971-49CB-440A-80EE-1AE1F7967B14}.Release|Any CPU.ActiveCfg = Release|Any CPU
		{76F4B971-49CB-440A-80EE-1AE1F7967B14}.Release|Any CPU.Build.0 = Release|Any CPU
		{76F4B971-49CB-440A-80EE-1AE1F7967B14}.Release|x64.ActiveCfg = Release|Any CPU
		{76F4B971-49CB-440A-80EE-1AE1F7967B14}.Release|x64.Build.0 = Release|Any CPU
		{76F4B971-49CB-440A-80EE-1AE1F7967B14}.Release|x86.ActiveCfg = Release|Any CPU
		{76F4B971-49CB-440A-80EE-1AE1F7967B14}.Release|x86.Build.0 = Release|Any CPU
		{6FEEA2B2-45A1-40B4-B2D9-C68174B88E72}.Debug|Any CPU.ActiveCfg = Debug|Any CPU
		{6FEEA2B2-45A1-40B4-B2D9-C68174B88E72}.Debug|Any CPU.Build.0 = Debug|Any CPU
		{6FEEA2B2-45A1-40B4-B2D9-C68174B88E72}.Debug|x64.ActiveCfg = Debug|Any CPU
		{6FEEA2B2-45A1-40B4-B2D9-C68174B88E72}.Debug|x64.Build.0 = Debug|Any CPU
		{6FEEA2B2-45A1-40B4-B2D9-C68174B88E72}.Debug|x86.ActiveCfg = Debug|Any CPU
		{6FEEA2B2-45A1-40B4-B2D9-C68174B88E72}.Debug|x86.Build.0 = Debug|Any CPU
		{6FEEA2B2-45A1-40B4-B2D9-C68174B88E72}.Release|Any CPU.ActiveCfg = Release|Any CPU
		{6FEEA2B2-45A1-40B4-B2D9-C68174B88E72}.Release|Any CPU.Build.0 = Release|Any CPU
		{6FEEA2B2-45A1-40B4-B2D9-C68174B88E72}.Release|x64.ActiveCfg = Release|Any CPU
		{6FEEA2B2-45A1-40B4-B2D9-C68174B88E72}.Release|x64.Build.0 = Release|Any CPU
		{6FEEA2B2-45A1-40B4-B2D9-C68174B88E72}.Release|x86.ActiveCfg = Release|Any CPU
		{6FEEA2B2-45A1-40B4-B2D9-C68174B88E72}.Release|x86.Build.0 = Release|Any CPU
		{6CCA6B49-49E8-4C17-9A6C-9D395DB23480}.Debug|Any CPU.ActiveCfg = Debug|Any CPU
		{6CCA6B49-49E8-4C17-9A6C-9D395DB23480}.Debug|Any CPU.Build.0 = Debug|Any CPU
		{6CCA6B49-49E8-4C17-9A6C-9D395DB23480}.Debug|x64.ActiveCfg = Debug|Any CPU
		{6CCA6B49-49E8-4C17-9A6C-9D395DB23480}.Debug|x64.Build.0 = Debug|Any CPU
		{6CCA6B49-49E8-4C17-9A6C-9D395DB23480}.Debug|x86.ActiveCfg = Debug|Any CPU
		{6CCA6B49-49E8-4C17-9A6C-9D395DB23480}.Debug|x86.Build.0 = Debug|Any CPU
		{6CCA6B49-49E8-4C17-9A6C-9D395DB23480}.Release|Any CPU.ActiveCfg = Release|Any CPU
		{6CCA6B49-49E8-4C17-9A6C-9D395DB23480}.Release|Any CPU.Build.0 = Release|Any CPU
		{6CCA6B49-49E8-4C17-9A6C-9D395DB23480}.Release|x64.ActiveCfg = Release|Any CPU
		{6CCA6B49-49E8-4C17-9A6C-9D395DB23480}.Release|x64.Build.0 = Release|Any CPU
		{6CCA6B49-49E8-4C17-9A6C-9D395DB23480}.Release|x86.ActiveCfg = Release|Any CPU
		{6CCA6B49-49E8-4C17-9A6C-9D395DB23480}.Release|x86.Build.0 = Release|Any CPU
	EndGlobalSection
EndGlobal
